{
  "name": "gosecnotes",
  "lockfileVersion": 3,
  "requires": true,
  "packages": {
    "": {
      "dependencies": {
        "@editorjs/editorjs": "^2.29.1",
        "@editorjs/header": "^2.8.1",
        "@editorjs/list": "^1.9.0",
        "react-editor-js": "^2.1.0"
      }
    },
    "node_modules/@codexteam/icons": {
      "version": "0.0.4",
      "resolved": "https://registry.npmjs.org/@codexteam/icons/-/icons-0.0.4.tgz",
      "integrity": "sha512-V8N/TY2TGyas4wLrPIFq7bcow68b3gu8DfDt1+rrHPtXxcexadKauRJL6eQgfG7Z0LCrN4boLRawR4S9gjIh/Q=="
    },
    "node_modules/@editorjs/editorjs": {
      "version": "2.29.1",
      "resolved": "https://registry.npmjs.org/@editorjs/editorjs/-/editorjs-2.29.1.tgz",
      "integrity": "sha512-WRT2pCfikMsvySQJqpCU21LfTZaPuxUWsDO8aFGrPx4MKzOR9D+Ur4mNb3jq0FXx2EMqvIWfTyFixJxtjGHTyQ=="
    },
    "node_modules/@editorjs/header": {
      "version": "2.8.1",
      "resolved": "https://registry.npmjs.org/@editorjs/header/-/header-2.8.1.tgz",
      "integrity": "sha512-y0HVXRP7m2W617CWo3fsb5HhXmSLaRpb9GzFx0Vkp/HEm9Dz5YO1s8tC7R8JD3MskwoYh7V0hRFQt39io/r6hA==",
      "dependencies": {
        "@codexteam/icons": "^0.0.5"
      }
    },
    "node_modules/@editorjs/header/node_modules/@codexteam/icons": {
      "version": "0.0.5",
      "resolved": "https://registry.npmjs.org/@codexteam/icons/-/icons-0.0.5.tgz",
      "integrity": "sha512-s6H2KXhLz2rgbMZSkRm8dsMJvyUNZsEjxobBEg9ztdrb1B2H3pEzY6iTwI4XUPJWJ3c3qRKwV4TrO3J5jUdoQA=="
    },
    "node_modules/@editorjs/list": {
      "version": "1.9.0",
      "resolved": "https://registry.npmjs.org/@editorjs/list/-/list-1.9.0.tgz",
      "integrity": "sha512-BQEvZW4vi0O0dBvGNljiKxiE89vMSHoM2Tu2OzKUndoj7pY9AxqpgCh1qvwIVsJAlG4Lbt/vBFQilnoStMmI6A==",
      "dependencies": {
        "@codexteam/icons": "^0.0.4"
      }
    },
    "node_modules/@editorjs/paragraph": {
      "version": "2.11.3",
      "resolved": "https://registry.npmjs.org/@editorjs/paragraph/-/paragraph-2.11.3.tgz",
      "integrity": "sha512-ON72lhvhgWzPrq4VXpHUeut9bsFeJgVATDeL850FVToOwYHKvdsNpfu0VgxEodhkXgzU/IGl4FzdqC2wd3AJUQ==",
      "peer": true,
      "dependencies": {
        "@codexteam/icons": "^0.0.4"
      }
    },
    "node_modules/@react-editor-js/client": {
      "version": "2.1.0",
      "resolved": "https://registry.npmjs.org/@react-editor-js/client/-/client-2.1.0.tgz",
      "integrity": "sha512-X/OwqY2KKUUVIy24zvubHTI4qhiVIWMxGlU/Bc6tkf9gcsWgQjPvn75DwrQ5SIGBOYpSBcHY01JX0RRtJHRumw==",
      "dependencies": {
        "@react-editor-js/core": "2.1.0"
      },
      "peerDependencies": {
        "@editorjs/editorjs": "*",
        "@editorjs/paragraph": "*",
        "react": "*"
      }
    },
    "node_modules/@react-editor-js/core": {
      "version": "2.1.0",
      "resolved": "https://registry.npmjs.org/@react-editor-js/core/-/core-2.1.0.tgz",
      "integrity": "sha512-6h98D5g2RatdCDQRW/+N+eiMtjoq0n1n02m8oA7FrlEzEaOUyV+J+rmtmRS8OexLVOiNeWaSPDpVJ3MNiVLq8Q==",
      "peerDependencies": {
        "@editorjs/editorjs": "*",
        "react": "*"
      }
    },
    "node_modules/@react-editor-js/server": {
      "version": "2.1.0",
      "resolved": "https://registry.npmjs.org/@react-editor-js/server/-/server-2.1.0.tgz",
      "integrity": "sha512-RnTbCmzCHbjcjPNKhr9FaehItHgAZyd47Lq+iIGynFqWSsrwGy46LgOXSvb50DYbwDyT0GtxaXBIk6aiFki1Dg==",
      "dependencies": {
        "@react-editor-js/core": "2.1.0"
      },
      "peerDependencies": {
        "@editorjs/editorjs": "*",
        "@editorjs/paragraph": "*",
        "react": "*"
      }
    },
    "node_modules/js-tokens": {
      "version": "4.0.0",
      "resolved": "https://registry.npmjs.org/js-tokens/-/js-tokens-4.0.0.tgz",
      "integrity": "sha512-RdJUflcE3cUzKiMqQgsCu06FPu9UdIJO0beYbPhHN4k6apgJtifcoCtT9bcxOpYBtpD2kCM6Sbzg4CausW/PKQ==",
      "peer": true
    },
    "node_modules/loose-envify": {
      "version": "1.4.0",
      "resolved": "https://registry.npmjs.org/loose-envify/-/loose-envify-1.4.0.tgz",
      "integrity": "sha512-lyuxPGr/Wfhrlem2CL/UcnUc1zcqKAImBDzukY7Y5F/yQiNdko6+fRLevlw1HgMySw7f611UIY408EtxRSoK3Q==",
      "peer": true,
      "dependencies": {
        "js-tokens": "^3.0.0 || ^4.0.0"
      },
      "bin": {
        "loose-envify": "cli.js"
      }
    },
    "node_modules/react": {
      "version": "18.2.0",
      "resolved": "https://registry.npmjs.org/react/-/react-18.2.0.tgz",
      "integrity": "sha512-/3IjMdb2L9QbBdWiW5e3P2/npwMBaU9mHCSCUzNln0ZCYbcfTsGbTJrU/kGemdH2IWmB2ioZ+zkxtmq6g09fGQ==",
      "peer": true,
      "dependencies": {
        "loose-envify": "^1.1.0"
      },
      "engines": {
        "node": ">=0.10.0"
      }
    },
    "node_modules/react-editor-js": {
      "version": "2.1.0",
      "resolved": "https://registry.npmjs.org/react-editor-js/-/react-editor-js-2.1.0.tgz",
      "integrity": "sha512-unI9D2pTH/2gBenc6LgCXJm8iqnrzB71CHgfjQmaB+lGR0Njx+ZXydgUQm1VofMmvF6vcCNVDE1Eb47zQbm14g==",
      "dependencies": {
        "@react-editor-js/client": "2.1.0",
        "@react-editor-js/core": "2.1.0",
        "@react-editor-js/server": "2.1.0"
      }
    }
  }
}
